// !$*UTF8*$!
{
	archiveVersion = 1;
	classes = {
	};
	objectVersion = 56;
	objects = {

/* Begin PBXBuildFile section */
		A622C78B29C4AE3900330CDA /* CpuInfo.swift in Sources */ = {isa = PBXBuildFile; fileRef = A622C78A29C4AE3900330CDA /* CpuInfo.swift */; };
		A622C78D29C4AE4100330CDA /* DiskInfo.swift in Sources */ = {isa = PBXBuildFile; fileRef = A622C78C29C4AE4100330CDA /* DiskInfo.swift */; };
		A652CA5729C48F4F00CDD09E /* PopoverViewModel.swift in Sources */ = {isa = PBXBuildFile; fileRef = A652CA5629C48F4F00CDD09E /* PopoverViewModel.swift */; };
		A66BDED729C349E7005E87F3 /* AppDelegate.swift in Sources */ = {isa = PBXBuildFile; fileRef = A66BDED629C349E7005E87F3 /* AppDelegate.swift */; };
		A66BDED929C34A60005E87F3 /* PopoverView.swift in Sources */ = {isa = PBXBuildFile; fileRef = A66BDED829C34A60005E87F3 /* PopoverView.swift */; };
		A66BDEDB29C34AF4005E87F3 /* StatusBarController.swift in Sources */ = {isa = PBXBuildFile; fileRef = A66BDEDA29C34AF4005E87F3 /* StatusBarController.swift */; };
		A6AA954429C3667300DE7EDE /* MemoryInfo.swift in Sources */ = {isa = PBXBuildFile; fileRef = A6AA954329C3667300DE7EDE /* MemoryInfo.swift */; };
		A6E305AD29C22009009AC246 /* OneMonitorApp.swift in Sources */ = {isa = PBXBuildFile; fileRef = A6E305AC29C22009009AC246 /* OneMonitorApp.swift */; };
		A6E305B129C2200A009AC246 /* Assets.xcassets in Resources */ = {isa = PBXBuildFile; fileRef = A6E305B029C2200A009AC246 /* Assets.xcassets */; };
		A6E305B429C2200A009AC246 /* Preview Assets.xcassets in Resources */ = {isa = PBXBuildFile; fileRef = A6E305B329C2200A009AC246 /* Preview Assets.xcassets */; };
		A6E305DD29C22AD2009AC246 /* BatteryInfo.swift in Sources */ = {isa = PBXBuildFile; fileRef = A6E305DC29C22AD1009AC246 /* BatteryInfo.swift */; };
		FD4F31592C97D9DD009BA5F9 /* NetworkInfo.swift in Sources */ = {isa = PBXBuildFile; fileRef = FD4F31582C97D9DD009BA5F9 /* NetworkInfo.swift */; };
		FD7AAEFD2C9887E200E14270 /* SettingsView.swift in Sources */ = {isa = PBXBuildFile; fileRef = FD7AAEFC2C9887E200E14270 /* SettingsView.swift */; };
		FD7AAEFF2C98892500E14270 /* MenuItem.swift in Sources */ = {isa = PBXBuildFile; fileRef = FD7AAEFE2C98892500E14270 /* MenuItem.swift */; };
		FD7AAF012C98895200E14270 /* CircleProgressBar.swift in Sources */ = {isa = PBXBuildFile; fileRef = FD7AAF002C98895200E14270 /* CircleProgressBar.swift */; };
/* End PBXBuildFile section */

/* Begin PBXFileReference section */
		A622C78A29C4AE3900330CDA /* CpuInfo.swift */ = {isa = PBXFileReference; lastKnownFileType = sourcecode.swift; path = CpuInfo.swift; sourceTree = "<group>"; };
		A622C78C29C4AE4100330CDA /* DiskInfo.swift */ = {isa = PBXFileReference; lastKnownFileType = sourcecode.swift; path = DiskInfo.swift; sourceTree = "<group>"; };
		A652CA5629C48F4F00CDD09E /* PopoverViewModel.swift */ = {isa = PBXFileReference; lastKnownFileType = sourcecode.swift; path = PopoverViewModel.swift; sourceTree = "<group>"; };
		A66BDED629C349E7005E87F3 /* AppDelegate.swift */ = {isa = PBXFileReference; lastKnownFileType = sourcecode.swift; path = AppDelegate.swift; sourceTree = "<group>"; };
		A66BDED829C34A60005E87F3 /* PopoverView.swift */ = {isa = PBXFileReference; lastKnownFileType = sourcecode.swift; path = PopoverView.swift; sourceTree = "<group>"; };
		A66BDEDA29C34AF4005E87F3 /* StatusBarController.swift */ = {isa = PBXFileReference; lastKnownFileType = sourcecode.swift; path = StatusBarController.swift; sourceTree = "<group>"; };
		A6AA954329C3667300DE7EDE /* MemoryInfo.swift */ = {isa = PBXFileReference; lastKnownFileType = sourcecode.swift; path = MemoryInfo.swift; sourceTree = "<group>"; };
		A6E305A929C22009009AC246 /* OneMonitor.app */ = {isa = PBXFileReference; explicitFileType = wrapper.application; includeInIndex = 0; path = OneMonitor.app; sourceTree = BUILT_PRODUCTS_DIR; };
		A6E305AC29C22009009AC246 /* OneMonitorApp.swift */ = {isa = PBXFileReference; lastKnownFileType = sourcecode.swift; path = OneMonitorApp.swift; sourceTree = "<group>"; };
		A6E305B029C2200A009AC246 /* Assets.xcassets */ = {isa = PBXFileReference; lastKnownFileType = folder.assetcatalog; path = Assets.xcassets; sourceTree = "<group>"; };
		A6E305B329C2200A009AC246 /* Preview Assets.xcassets */ = {isa = PBXFileReference; lastKnownFileType = folder.assetcatalog; path = "Preview Assets.xcassets"; sourceTree = "<group>"; };
		A6E305B529C2200A009AC246 /* OneMonitor.entitlements */ = {isa = PBXFileReference; lastKnownFileType = text.plist.entitlements; path = OneMonitor.entitlements; sourceTree = "<group>"; };
		A6E305DC29C22AD1009AC246 /* BatteryInfo.swift */ = {isa = PBXFileReference; lastKnownFileType = sourcecode.swift; path = BatteryInfo.swift; sourceTree = "<group>"; };
		FD4F31582C97D9DD009BA5F9 /* NetworkInfo.swift */ = {isa = PBXFileReference; lastKnownFileType = sourcecode.swift; path = NetworkInfo.swift; sourceTree = "<group>"; };
		FD7AAEFC2C9887E200E14270 /* SettingsView.swift */ = {isa = PBXFileReference; lastKnownFileType = sourcecode.swift; path = SettingsView.swift; sourceTree = "<group>"; };
		FD7AAEFE2C98892500E14270 /* MenuItem.swift */ = {isa = PBXFileReference; lastKnownFileType = sourcecode.swift; path = MenuItem.swift; sourceTree = "<group>"; };
		FD7AAF002C98895200E14270 /* CircleProgressBar.swift */ = {isa = PBXFileReference; lastKnownFileType = sourcecode.swift; path = CircleProgressBar.swift; sourceTree = "<group>"; };
/* End PBXFileReference section */

/* Begin PBXFrameworksBuildPhase section */
		A6E305A629C22009009AC246 /* Frameworks */ = {
			isa = PBXFrameworksBuildPhase;
			buildActionMask = 2147483647;
			files = (
			);
			runOnlyForDeploymentPostprocessing = 0;
		};
/* End PBXFrameworksBuildPhase section */

/* Begin PBXGroup section */
		A652CA5329C48F2800CDD09E /* App */ = {
			isa = PBXGroup;
			children = (
				A6E305AC29C22009009AC246 /* OneMonitorApp.swift */,
			);
			path = App;
			sourceTree = "<group>";
		};
		A652CA5429C48F3800CDD09E /* View */ = {
			isa = PBXGroup;
			children = (
				A66BDED829C34A60005E87F3 /* PopoverView.swift */,
				FD7AAEFC2C9887E200E14270 /* SettingsView.swift */,
				FD7AAEFE2C98892500E14270 /* MenuItem.swift */,
				FD7AAF002C98895200E14270 /* CircleProgressBar.swift */,
			);
			path = View;
			sourceTree = "<group>";
		};
		A652CA5529C48F4000CDD09E /* ViewModel */ = {
			isa = PBXGroup;
			children = (
				A652CA5629C48F4F00CDD09E /* PopoverViewModel.swift */,
			);
			path = ViewModel;
			sourceTree = "<group>";
		};
		A66BDED529C349D5005E87F3 /* MenuBar */ = {
			isa = PBXGroup;
			children = (
				A66BDED629C349E7005E87F3 /* AppDelegate.swift */,
				A66BDEDA29C34AF4005E87F3 /* StatusBarController.swift */,
			);
			path = MenuBar;
			sourceTree = "<group>";
		};
		A6E305A029C22009009AC246 = {
			isa = PBXGroup;
			children = (
				A6E305AB29C22009009AC246 /* OneMonitor */,
				A6E305AA29C22009009AC246 /* Products */,
			);
			sourceTree = "<group>";
		};
		A6E305AA29C22009009AC246 /* Products */ = {
			isa = PBXGroup;
			children = (
				A6E305A929C22009009AC246 /* OneMonitor.app */,
			);
			name = Products;
			sourceTree = "<group>";
		};
		A6E305AB29C22009009AC246 /* OneMonitor */ = {
			isa = PBXGroup;
			children = (
				A652CA5529C48F4000CDD09E /* ViewModel */,
				A652CA5429C48F3800CDD09E /* View */,
				A652CA5329C48F2800CDD09E /* App */,
				A66BDED529C349D5005E87F3 /* MenuBar */,
				A6E305D929C22A84009AC246 /* Service */,
				A6E305B029C2200A009AC246 /* Assets.xcassets */,
				A6E305B529C2200A009AC246 /* OneMonitor.entitlements */,
				A6E305B229C2200A009AC246 /* Preview Content */,
			);
			path = OneMonitor;
			sourceTree = "<group>";
		};
		A6E305B229C2200A009AC246 /* Preview Content */ = {
			isa = PBXGroup;
			children = (
				A6E305B329C2200A009AC246 /* Preview Assets.xcassets */,
			);
			path = "Preview Content";
			sourceTree = "<group>";
		};
		A6E305D929C22A84009AC246 /* Service */ = {
			isa = PBXGroup;
			children = (
				A6E305DC29C22AD1009AC246 /* BatteryInfo.swift */,
				A6AA954329C3667300DE7EDE /* MemoryInfo.swift */,
				A622C78A29C4AE3900330CDA /* CpuInfo.swift */,
				A622C78C29C4AE4100330CDA /* DiskInfo.swift */,
				FD4F31582C97D9DD009BA5F9 /* NetworkInfo.swift */,
			);
			path = Service;
			sourceTree = "<group>";
		};
/* End PBXGroup section */

/* Begin PBXNativeTarget section */
		A6E305A829C22009009AC246 /* OneMonitor */ = {
			isa = PBXNativeTarget;
			buildConfigurationList = A6E305CE29C2200B009AC246 /* Build configuration list for PBXNativeTarget "OneMonitor" */;
			buildPhases = (
				A6E305A529C22009009AC246 /* Sources */,
				A6E305A629C22009009AC246 /* Frameworks */,
				A6E305A729C22009009AC246 /* Resources */,
			);
			buildRules = (
			);
			dependencies = (
			);
			name = OneMonitor;
			productName = OneTracker;
			productReference = A6E305A929C22009009AC246 /* OneMonitor.app */;
			productType = "com.apple.product-type.application";
		};
/* End PBXNativeTarget section */

/* Begin PBXProject section */
		A6E305A129C22009009AC246 /* Project object */ = {
			isa = PBXProject;
			attributes = {
				BuildIndependentTargetsInParallel = 1;
				LastSwiftUpdateCheck = 1410;
				LastUpgradeCheck = 1540;
				TargetAttributes = {
					A6E305A829C22009009AC246 = {
						CreatedOnToolsVersion = 14.1;
					};
				};
			};
			buildConfigurationList = A6E305A429C22009009AC246 /* Build configuration list for PBXProject "OneMonitor" */;
			compatibilityVersion = "Xcode 14.0";
			developmentRegion = en;
			hasScannedForEncodings = 0;
			knownRegions = (
				en,
				Base,
			);
			mainGroup = A6E305A029C22009009AC246;
			productRefGroup = A6E305AA29C22009009AC246 /* Products */;
			projectDirPath = "";
			projectRoot = "";
			targets = (
				A6E305A829C22009009AC246 /* OneMonitor */,
			);
		};
/* End PBXProject section */

/* Begin PBXResourcesBuildPhase section */
		A6E305A729C22009009AC246 /* Resources */ = {
			isa = PBXResourcesBuildPhase;
			buildActionMask = 2147483647;
			files = (
				A6E305B429C2200A009AC246 /* Preview Assets.xcassets in Resources */,
				A6E305B129C2200A009AC246 /* Assets.xcassets in Resources */,
			);
			runOnlyForDeploymentPostprocessing = 0;
		};
/* End PBXResourcesBuildPhase section */

/* Begin PBXSourcesBuildPhase section */
		A6E305A529C22009009AC246 /* Sources */ = {
			isa = PBXSourcesBuildPhase;
			buildActionMask = 2147483647;
			files = (
				FD4F31592C97D9DD009BA5F9 /* NetworkInfo.swift in Sources */,
				A652CA5729C48F4F00CDD09E /* PopoverViewModel.swift in Sources */,
				A66BDED929C34A60005E87F3 /* PopoverView.swift in Sources */,
				A66BDEDB29C34AF4005E87F3 /* StatusBarController.swift in Sources */,
				A6E305DD29C22AD2009AC246 /* BatteryInfo.swift in Sources */,
				A622C78D29C4AE4100330CDA /* DiskInfo.swift in Sources */,
				A622C78B29C4AE3900330CDA /* CpuInfo.swift in Sources */,
				A6E305AD29C22009009AC246 /* OneMonitorApp.swift in Sources */,
				A6AA954429C3667300DE7EDE /* MemoryInfo.swift in Sources */,
				FD7AAEFF2C98892500E14270 /* MenuItem.swift in Sources */,
				A66BDED729C349E7005E87F3 /* AppDelegate.swift in Sources */,
				FD7AAEFD2C9887E200E14270 /* SettingsView.swift in Sources */,
				FD7AAF012C98895200E14270 /* CircleProgressBar.swift in Sources */,
			);
			runOnlyForDeploymentPostprocessing = 0;
		};
/* End PBXSourcesBuildPhase section */

/* Begin XCBuildConfiguration section */
		A6E305CC29C2200B009AC246 /* Debug */ = {
			isa = XCBuildConfiguration;
			buildSettings = {
				ALWAYS_SEARCH_USER_PATHS = NO;
				CLANG_ANALYZER_NONNULL = YES;
				CLANG_ANALYZER_NUMBER_OBJECT_CONVERSION = YES_AGGRESSIVE;
				CLANG_CXX_LANGUAGE_STANDARD = "gnu++20";
				CLANG_ENABLE_MODULES = YES;
				CLANG_ENABLE_OBJC_ARC = YES;
				CLANG_ENABLE_OBJC_WEAK = YES;
				CLANG_WARN_BLOCK_CAPTURE_AUTORELEASING = YES;
				CLANG_WARN_BOOL_CONVERSION = YES;
				CLANG_WARN_COMMA = YES;
				CLANG_WARN_CONSTANT_CONVERSION = YES;
				CLANG_WARN_DEPRECATED_OBJC_IMPLEMENTATIONS = YES;
				CLANG_WARN_DIRECT_OBJC_ISA_USAGE = YES_ERROR;
				CLANG_WARN_DOCUMENTATION_COMMENTS = YES;
				CLANG_WARN_EMPTY_BODY = YES;
				CLANG_WARN_ENUM_CONVERSION = YES;
				CLANG_WARN_INFINITE_RECURSION = YES;
				CLANG_WARN_INT_CONVERSION = YES;
				CLANG_WARN_NON_LITERAL_NULL_CONVERSION = YES;
				CLANG_WARN_OBJC_IMPLICIT_RETAIN_SELF = YES;
				CLANG_WARN_OBJC_LITERAL_CONVERSION = YES;
				CLANG_WARN_OBJC_ROOT_CLASS = YES_ERROR;
				CLANG_WARN_QUOTED_INCLUDE_IN_FRAMEWORK_HEADER = YES;
				CLANG_WARN_RANGE_LOOP_ANALYSIS = YES;
				CLANG_WARN_STRICT_PROTOTYPES = YES;
				CLANG_WARN_SUSPICIOUS_MOVE = YES;
				CLANG_WARN_UNGUARDED_AVAILABILITY = YES_AGGRESSIVE;
				CLANG_WARN_UNREACHABLE_CODE = YES;
				CLANG_WARN__DUPLICATE_METHOD_MATCH = YES;
				COPY_PHASE_STRIP = NO;
				DEAD_CODE_STRIPPING = YES;
				DEBUG_INFORMATION_FORMAT = dwarf;
				ENABLE_STRICT_OBJC_MSGSEND = YES;
				ENABLE_TESTABILITY = YES;
				ENABLE_USER_SCRIPT_SANDBOXING = YES;
				GCC_C_LANGUAGE_STANDARD = gnu11;
				GCC_DYNAMIC_NO_PIC = NO;
				GCC_NO_COMMON_BLOCKS = YES;
				GCC_OPTIMIZATION_LEVEL = 0;
				GCC_PREPROCESSOR_DEFINITIONS = (
					"DEBUG=1",
					"$(inherited)",
				);
				GCC_WARN_64_TO_32_BIT_CONVERSION = YES;
				GCC_WARN_ABOUT_RETURN_TYPE = YES_ERROR;
				GCC_WARN_UNDECLARED_SELECTOR = YES;
				GCC_WARN_UNINITIALIZED_AUTOS = YES_AGGRESSIVE;
				GCC_WARN_UNUSED_FUNCTION = YES;
				GCC_WARN_UNUSED_VARIABLE = YES;
				MACOSX_DEPLOYMENT_TARGET = 13.0;
				MTL_ENABLE_DEBUG_INFO = INCLUDE_SOURCE;
				MTL_FAST_MATH = YES;
				ONLY_ACTIVE_ARCH = YES;
				SDKROOT = macosx;
				SWIFT_ACTIVE_COMPILATION_CONDITIONS = DEBUG;
				SWIFT_OPTIMIZATION_LEVEL = "-Onone";
			};
			name = Debug;
		};
		A6E305CD29C2200B009AC246 /* Release */ = {
			isa = XCBuildConfiguration;
			buildSettings = {
				ALWAYS_SEARCH_USER_PATHS = NO;
				CLANG_ANALYZER_NONNULL = YES;
				CLANG_ANALYZER_NUMBER_OBJECT_CONVERSION = YES_AGGRESSIVE;
				CLANG_CXX_LANGUAGE_STANDARD = "gnu++20";
				CLANG_ENABLE_MODULES = YES;
				CLANG_ENABLE_OBJC_ARC = YES;
				CLANG_ENABLE_OBJC_WEAK = YES;
				CLANG_WARN_BLOCK_CAPTURE_AUTORELEASING = YES;
				CLANG_WARN_BOOL_CONVERSION = YES;
				CLANG_WARN_COMMA = YES;
				CLANG_WARN_CONSTANT_CONVERSION = YES;
				CLANG_WARN_DEPRECATED_OBJC_IMPLEMENTATIONS = YES;
				CLANG_WARN_DIRECT_OBJC_ISA_USAGE = YES_ERROR;
				CLANG_WARN_DOCUMENTATION_COMMENTS = YES;
				CLANG_WARN_EMPTY_BODY = YES;
				CLANG_WARN_ENUM_CONVERSION = YES;
				CLANG_WARN_INFINITE_RECURSION = YES;
				CLANG_WARN_INT_CONVERSION = YES;
				CLANG_WARN_NON_LITERAL_NULL_CONVERSION = YES;
				CLANG_WARN_OBJC_IMPLICIT_RETAIN_SELF = YES;
				CLANG_WARN_OBJC_LITERAL_CONVERSION = YES;
				CLANG_WARN_OBJC_ROOT_CLASS = YES_ERROR;
				CLANG_WARN_QUOTED_INCLUDE_IN_FRAMEWORK_HEADER = YES;
				CLANG_WARN_RANGE_LOOP_ANALYSIS = YES;
				CLANG_WARN_STRICT_PROTOTYPES = YES;
				CLANG_WARN_SUSPICIOUS_MOVE = YES;
				CLANG_WARN_UNGUARDED_AVAILABILITY = YES_AGGRESSIVE;
				CLANG_WARN_UNREACHABLE_CODE = YES;
				CLANG_WARN__DUPLICATE_METHOD_MATCH = YES;
				COPY_PHASE_STRIP = NO;
				DEAD_CODE_STRIPPING = YES;
				DEBUG_INFORMATION_FORMAT = "dwarf-with-dsym";
				ENABLE_NS_ASSERTIONS = NO;
				ENABLE_STRICT_OBJC_MSGSEND = YES;
				ENABLE_USER_SCRIPT_SANDBOXING = YES;
				GCC_C_LANGUAGE_STANDARD = gnu11;
				GCC_NO_COMMON_BLOCKS = YES;
				GCC_WARN_64_TO_32_BIT_CONVERSION = YES;
				GCC_WARN_ABOUT_RETURN_TYPE = YES_ERROR;
				GCC_WARN_UNDECLARED_SELECTOR = YES;
				GCC_WARN_UNINITIALIZED_AUTOS = YES_AGGRESSIVE;
				GCC_WARN_UNUSED_FUNCTION = YES;
				GCC_WARN_UNUSED_VARIABLE = YES;
				MACOSX_DEPLOYMENT_TARGET = 13.0;
				MTL_ENABLE_DEBUG_INFO = NO;
				MTL_FAST_MATH = YES;
				SDKROOT = macosx;
				SWIFT_COMPILATION_MODE = wholemodule;
				SWIFT_OPTIMIZATION_LEVEL = "-O";
			};
			name = Release;
		};
		A6E305CF29C2200B009AC246 /* Debug */ = {
			isa = XCBuildConfiguration;
			buildSettings = {
				ASSETCATALOG_COMPILER_APPICON_NAME = AppIcon;
				ASSETCATALOG_COMPILER_GLOBAL_ACCENT_COLOR_NAME = AccentColor;
				CODE_SIGN_ENTITLEMENTS = OneMonitor/OneMonitor.entitlements;
				"CODE_SIGN_IDENTITY[sdk=macosx*]" = "Apple Development";
				CODE_SIGN_STYLE = Automatic;
				COMBINE_HIDPI_IMAGES = YES;
				CURRENT_PROJECT_VERSION = 1;
				DEAD_CODE_STRIPPING = YES;
				DEVELOPMENT_ASSET_PATHS = "OneMonitor/Preview\\ Content";
				DEVELOPMENT_TEAM = M6G5C8MQ32;
				ENABLE_HARDENED_RUNTIME = YES;
				ENABLE_PREVIEWS = YES;
				GENERATE_INFOPLIST_FILE = YES;
				INFOPLIST_KEY_CFBundleDisplayName = GoMonitor;
				INFOPLIST_KEY_LSApplicationCategoryType = "public.app-category.utilities";
				INFOPLIST_KEY_LSUIElement = YES;
				INFOPLIST_KEY_NSHumanReadableCopyright = "";
				LD_RUNPATH_SEARCH_PATHS = (
					"$(inherited)",
					"@executable_path/../Frameworks",
				);
				MARKETING_VERSION = 1.0;
				PRODUCT_BUNDLE_IDENTIFIER = com.lyy.OneMonitor;
				PRODUCT_NAME = "$(TARGET_NAME)";
				SWIFT_EMIT_LOC_STRINGS = YES;
				SWIFT_VERSION = 5.0;
			};
			name = Debug;
		};
		A6E305D029C2200B009AC246 /* Release */ = {
			isa = XCBuildConfiguration;
			buildSettings = {
				ASSETCATALOG_COMPILER_APPICON_NAME = AppIcon;
				ASSETCATALOG_COMPILER_GLOBAL_ACCENT_COLOR_NAME = AccentColor;
				CODE_SIGN_ENTITLEMENTS = OneMonitor/OneMonitor.entitlements;
				"CODE_SIGN_IDENTITY[sdk=macosx*]" = "Apple Development";
				CODE_SIGN_STYLE = Automatic;
				COMBINE_HIDPI_IMAGES = YES;
				CURRENT_PROJECT_VERSION = 1;
				DEAD_CODE_STRIPPING = YES;
				DEVELOPMENT_ASSET_PATHS = "OneMonitor/Preview\\ Content";
				DEVELOPMENT_TEAM = M6G5C8MQ32;
				ENABLE_HARDENED_RUNTIME = YES;
				ENABLE_PREVIEWS = YES;
				GENERATE_INFOPLIST_FILE = YES;
				INFOPLIST_KEY_CFBundleDisplayName = GoMonitor;
				INFOPLIST_KEY_LSApplicationCategoryType = "public.app-category.utilities";
				INFOPLIST_KEY_LSUIElement = YES;
				INFOPLIST_KEY_NSHumanReadableCopyright = "";
				LD_RUNPATH_SEARCH_PATHS = (
					"$(inherited)",
					"@executable_path/../Frameworks",
				);
				MARKETING_VERSION = 1.0;
				PRODUCT_BUNDLE_IDENTIFIER = com.lyy.OneMonitor;
				PRODUCT_NAME = "$(TARGET_NAME)";
				SWIFT_EMIT_LOC_STRINGS = YES;
				SWIFT_VERSION = 5.0;
			};
			name = Release;
		};
/* End XCBuildConfiguration section */

/* Begin XCConfigurationList section */
		A6E305A429C22009009AC246 /* Build configuration list for PBXProject "OneMonitor" */ = {
			isa = XCConfigurationList;
			buildConfigurations = (
				A6E305CC29C2200B009AC246 /* Debug */,
				A6E305CD29C2200B009AC246 /* Release */,
			);
			defaultConfigurationIsVisible = 0;
			defaultConfigurationName = Release;
		};
		A6E305CE29C2200B009AC246 /* Build configuration list for PBXNativeTarget "OneMonitor" */ = {
			isa = XCConfigurationList;
			buildConfigurations = (
				A6E305CF29C2200B009AC246 /* Debug */,
				A6E305D029C2200B009AC246 /* Release */,
			);
			defaultConfigurationIsVisible = 0;
			defaultConfigurationName = Release;
		};
/* End XCConfigurationList section */
	};
	rootObject = A6E305A129C22009009AC246 /* Project object */;
}
